
Microsoft Visual Studio Solution File, Format Version 12.00
# Visual Studio Version 17
VisualStudioVersion = 17.5.33530.505
MinimumVisualStudioVersion = 10.0.40219.1
Project("{FAE04EC0-301F-11D3-BF4B-00C04F79EFBC}") = "Lab1", "Lab1\Lab1.csproj", "{A71AA4D0-ED7A-42B2-897E-74213E99C3AD}"
EndProject
Global
	GlobalSection(SolutionConfigurationPlatforms) = preSolution
		Debug|Any CPU = Debug|Any CPU
		Release|Any CPU = Release|Any CPU
	EndGlobalSection
	GlobalSection(ProjectConfigurationPlatforms) = postSolution
		{A71AA4D0-ED7A-42B2-897E-74213E99C3AD}.Debug|Any CPU.ActiveCfg = Debug|Any CPU
		{A71AA4D0-ED7A-42B2-897E-74213E99C3AD}.Debug|Any CPU.Build.0 = Debug|Any CPU
		{A71AA4D0-ED7A-42B2-897E-74213E99C3AD}.Release|Any CPU.ActiveCfg = Release|Any CPU
		{A71AA4D0-ED7A-42B2-897E-74213E99C3AD}.Release|Any CPU.Build.0 = Release|Any CPU
	EndGlobalSection
	GlobalSection(SolutionProperties) = preSolution
		HideSolutionNode = FALSE
	EndGlobalSection
	GlobalSection(ExtensibilityGlobals) = postSolution
		SolutionGuid = {585BB712-3A61-488F-91D4-F9737AB9E32B}
	EndGlobalSection
EndGlobal
